{
  "lockfile-version": 1,
  "manifest": {
    "version": 1,
    "install": {
      "ceph": {
        "pkg-path": "ceph",
        "systems": [
          "aarch64-linux",
          "x86_64-linux"
        ]
      },
      "gcc": {
        "pkg-path": "gcc"
      },
      "glibc": {
        "pkg-path": "glibc",
        "systems": [
          "aarch64-linux",
          "x86_64-linux"
        ]
      }
    },
    "hook": {},
    "profile": {},
    "options": {},
    "build": {
      "fio": {
        "command": "  mkdir -p $out/bin\n  make\n  cp fio $out/bin/fio\n# ",
        "sandbox": "pure",
        "version": "0.0.1",
        "description": "fio, but with rbd encryption support"
      }
    }
  },
  "packages": [
    {
      "attr_path": "ceph",
      "broken": false,
      "derivation": "/nix/store/f7cw4gmw2bssd7j2ib8sv1h70g5man03-ceph-19.2.2.drv",
      "description": "Distributed storage system",
      "install_id": "ceph",
      "license": "[ LGPL-2.1, GPL-2.0-only, BSD-3-Clause, MIT, Public Domain ]",
      "locked_url": "https://github.com/flox/nixpkgs?rev=9807714d6944a957c2e036f84b0ff8caf9930bc0",
      "name": "ceph-19.2.2",
      "pname": "ceph",
      "rev": "9807714d6944a957c2e036f84b0ff8caf9930bc0",
      "rev_count": 826938,
      "rev_date": "2025-07-08T14:16:20Z",
      "scrape_date": "2025-07-10T05:34:50.302039Z",
      "stabilities": [
        "staging",
        "unstable"
      ],
      "unfree": false,
      "version": "19.2.2",
      "outputs_to_install": [
        "man",
        "out"
      ],
      "outputs": {
        "dev": "/nix/store/dqbm71k2pabr8120fpwpvf2q5lxz08pd-ceph-19.2.2-dev",
        "doc": "/nix/store/v943pbslgd1vhqi1pmwyb1966phj84hl-ceph-19.2.2-doc",
        "lib": "/nix/store/404mikd21aa2dvdl6s9a0sf2fx8g0hl4-ceph-19.2.2-lib",
        "man": "/nix/store/ms40h7ypmzj35s9wajc84j7zvdvag5b5-ceph-19.2.2-man",
        "out": "/nix/store/93sk8mc224k5kgqfh4cj15bi6dab7h34-ceph-19.2.2"
      },
      "system": "aarch64-linux",
      "group": "toplevel",
      "priority": 5
    },
    {
      "attr_path": "ceph",
      "broken": false,
      "derivation": "/nix/store/hssh94hq9lhxwax1b01w6qvlj5zr568a-ceph-19.2.2.drv",
      "description": "Distributed storage system",
      "install_id": "ceph",
      "license": "[ LGPL-2.1, GPL-2.0-only, BSD-3-Clause, MIT, Public Domain ]",
      "locked_url": "https://github.com/flox/nixpkgs?rev=9807714d6944a957c2e036f84b0ff8caf9930bc0",
      "name": "ceph-19.2.2",
      "pname": "ceph",
      "rev": "9807714d6944a957c2e036f84b0ff8caf9930bc0",
      "rev_count": 826938,
      "rev_date": "2025-07-08T14:16:20Z",
      "scrape_date": "2025-07-10T06:15:24.653673Z",
      "stabilities": [
        "staging",
        "unstable"
      ],
      "unfree": false,
      "version": "19.2.2",
      "outputs_to_install": [
        "man",
        "out"
      ],
      "outputs": {
        "dev": "/nix/store/c14svdfpxglkw0nzli4ms4giyhdgc64x-ceph-19.2.2-dev",
        "doc": "/nix/store/16a1rplc7skbjn65dl2qxh24lqsfv2im-ceph-19.2.2-doc",
        "lib": "/nix/store/2j3fv9c221d9cjz1hmdav9lzc6cssmcj-ceph-19.2.2-lib",
        "man": "/nix/store/hdzfh5nlhgl4h75dlhjxd90d53cpzzf1-ceph-19.2.2-man",
        "out": "/nix/store/nh41aqmxq6ayxvxjz0sdqxzrchd9l73k-ceph-19.2.2"
      },
      "system": "x86_64-linux",
      "group": "toplevel",
      "priority": 5
    },
    {
      "attr_path": "gcc",
      "broken": false,
      "derivation": "/nix/store/85g8l285vdbci7dpv6k069lnny9m6rk9-gcc-wrapper-14.3.0.drv",
      "description": "GNU Compiler Collection, version 14.3.0 (wrapper script)",
      "install_id": "gcc",
      "license": "GPL-3.0-or-later",
      "locked_url": "https://github.com/flox/nixpkgs?rev=9807714d6944a957c2e036f84b0ff8caf9930bc0",
      "name": "gcc-wrapper-14.3.0",
      "pname": "gcc",
      "rev": "9807714d6944a957c2e036f84b0ff8caf9930bc0",
      "rev_count": 826938,
      "rev_date": "2025-07-08T14:16:20Z",
      "scrape_date": "2025-07-10T05:14:30.905135Z",
      "stabilities": [
        "staging",
        "unstable"
      ],
      "unfree": false,
      "version": "14.3.0",
      "outputs_to_install": [
        "man",
        "out"
      ],
      "outputs": {
        "info": "/nix/store/qagnb15gfwxivn34610m0zqnwxrc3y3x-gcc-wrapper-14.3.0-info",
        "man": "/nix/store/jhjasqmzbajybva8zfa4gxw9gli3gx5c-gcc-wrapper-14.3.0-man",
        "out": "/nix/store/ayx4cw7p2ny3ja3by9s0g5fl79w5sx36-gcc-wrapper-14.3.0"
      },
      "system": "aarch64-darwin",
      "group": "toplevel",
      "priority": 5
    },
    {
      "attr_path": "gcc",
      "broken": false,
      "derivation": "/nix/store/jkvjq0f6z9c3xhxj1agzyyqsbxwjmwf0-gcc-wrapper-14.3.0.drv",
      "description": "GNU Compiler Collection, version 14.3.0 (wrapper script)",
      "install_id": "gcc",
      "license": "GPL-3.0-or-later",
      "locked_url": "https://github.com/flox/nixpkgs?rev=9807714d6944a957c2e036f84b0ff8caf9930bc0",
      "name": "gcc-wrapper-14.3.0",
      "pname": "gcc",
      "rev": "9807714d6944a957c2e036f84b0ff8caf9930bc0",
      "rev_count": 826938,
      "rev_date": "2025-07-08T14:16:20Z",
      "scrape_date": "2025-07-10T05:34:51.281566Z",
      "stabilities": [
        "staging",
        "unstable"
      ],
      "unfree": false,
      "version": "14.3.0",
      "outputs_to_install": [
        "man",
        "out"
      ],
      "outputs": {
        "info": "/nix/store/hzbypijngrral6avxr8gypkkzfj49dbb-gcc-wrapper-14.3.0-info",
        "man": "/nix/store/ppydldr7kc9m7nqlykmvfxcx5qjwb3n7-gcc-wrapper-14.3.0-man",
        "out": "/nix/store/290idwd3a9c2lyi5mzixyn5qrxmzihzn-gcc-wrapper-14.3.0"
      },
      "system": "aarch64-linux",
      "group": "toplevel",
      "priority": 5
    },
    {
      "attr_path": "gcc",
      "broken": false,
      "derivation": "/nix/store/4ysjaiwqaz3xr939srx9r4s52d82kdwn-gcc-wrapper-14.3.0.drv",
      "description": "GNU Compiler Collection, version 14.3.0 (wrapper script)",
      "install_id": "gcc",
      "license": "GPL-3.0-or-later",
      "locked_url": "https://github.com/flox/nixpkgs?rev=9807714d6944a957c2e036f84b0ff8caf9930bc0",
      "name": "gcc-wrapper-14.3.0",
      "pname": "gcc",
      "rev": "9807714d6944a957c2e036f84b0ff8caf9930bc0",
      "rev_count": 826938,
      "rev_date": "2025-07-08T14:16:20Z",
      "scrape_date": "2025-07-10T05:53:49.176849Z",
      "stabilities": [
        "staging",
        "unstable"
      ],
      "unfree": false,
      "version": "14.3.0",
      "outputs_to_install": [
        "man",
        "out"
      ],
      "outputs": {
        "info": "/nix/store/fplrrdhdzbqwbiv5vv51qbzns4a1wr8z-gcc-wrapper-14.3.0-info",
        "man": "/nix/store/v78ik0rd7kv8nhhsm6h23hrgwsrp5xph-gcc-wrapper-14.3.0-man",
        "out": "/nix/store/zh8g82br5jjpidj3kix96x32yrfxgyx4-gcc-wrapper-14.3.0"
      },
      "system": "x86_64-darwin",
      "group": "toplevel",
      "priority": 5
    },
    {
      "attr_path": "gcc",
      "broken": false,
      "derivation": "/nix/store/wz71r3fbdzxicz9zsc67nih3c452jgy9-gcc-wrapper-14.3.0.drv",
      "description": "GNU Compiler Collection, version 14.3.0 (wrapper script)",
      "install_id": "gcc",
      "license": "GPL-3.0-or-later",
      "locked_url": "https://github.com/flox/nixpkgs?rev=9807714d6944a957c2e036f84b0ff8caf9930bc0",
      "name": "gcc-wrapper-14.3.0",
      "pname": "gcc",
      "rev": "9807714d6944a957c2e036f84b0ff8caf9930bc0",
      "rev_count": 826938,
      "rev_date": "2025-07-08T14:16:20Z",
      "scrape_date": "2025-07-10T06:15:25.767014Z",
      "stabilities": [
        "staging",
        "unstable"
      ],
      "unfree": false,
      "version": "14.3.0",
      "outputs_to_install": [
        "man",
        "out"
      ],
      "outputs": {
        "info": "/nix/store/7i5d2jdwgvj7i97r6jpqclds48m6pvjm-gcc-wrapper-14.3.0-info",
        "man": "/nix/store/rjcbyaw5i75grgh6ifkbc2ggzx8v7vsi-gcc-wrapper-14.3.0-man",
        "out": "/nix/store/pbqah1qk4b5y14fqinr1h8zvhqy71v81-gcc-wrapper-14.3.0"
      },
      "system": "x86_64-linux",
      "group": "toplevel",
      "priority": 5
    },
    {
      "attr_path": "glibc",
      "broken": false,
      "derivation": "/nix/store/sa97r6zi5zgsr3m5c788ra4l6g169pjk-glibc-2.40-66.drv",
      "description": "GNU C Library",
      "install_id": "glibc",
      "license": "LGPL-2.0-or-later",
      "locked_url": "https://github.com/flox/nixpkgs?rev=9807714d6944a957c2e036f84b0ff8caf9930bc0",
      "name": "glibc-2.40-66",
      "pname": "glibc",
      "rev": "9807714d6944a957c2e036f84b0ff8caf9930bc0",
      "rev_count": 826938,
      "rev_date": "2025-07-08T14:16:20Z",
      "scrape_date": "2025-07-10T05:34:51.446490Z",
      "stabilities": [
        "staging",
        "unstable"
      ],
      "unfree": false,
      "version": "2.40-66",
      "outputs_to_install": [
        "bin"
      ],
      "outputs": {
        "bin": "/nix/store/z2dzk2p7i3wmli6dm7i5z0l20gvpgxxc-glibc-2.40-66-bin",
        "debug": "/nix/store/d3gg2vcgx9rql6w0i14nbx7zhimhxrj3-glibc-2.40-66-debug",
        "dev": "/nix/store/98lw57pks2w9lj0bxpsqykacz0hpn6hm-glibc-2.40-66-dev",
        "getent": "/nix/store/0164cz6323ljrlswkcd8dv15yaa0wzhb-glibc-2.40-66-getent",
        "out": "/nix/store/gydncjm02ww60x9gamkhfwj3f34g3g8m-glibc-2.40-66",
        "static": "/nix/store/xnzqw79ynj749ysm37dakf9f065ajm6m-glibc-2.40-66-static"
      },
      "system": "aarch64-linux",
      "group": "toplevel",
      "priority": 5
    },
    {
      "attr_path": "glibc",
      "broken": false,
      "derivation": "/nix/store/9afi214j4lpa7ngdmj5g34c7zn2a8lih-glibc-2.40-66.drv",
      "description": "GNU C Library",
      "install_id": "glibc",
      "license": "LGPL-2.0-or-later",
      "locked_url": "https://github.com/flox/nixpkgs?rev=9807714d6944a957c2e036f84b0ff8caf9930bc0",
      "name": "glibc-2.40-66",
      "pname": "glibc",
      "rev": "9807714d6944a957c2e036f84b0ff8caf9930bc0",
      "rev_count": 826938,
      "rev_date": "2025-07-08T14:16:20Z",
      "scrape_date": "2025-07-10T06:15:25.949432Z",
      "stabilities": [
        "staging",
        "unstable"
      ],
      "unfree": false,
      "version": "2.40-66",
      "outputs_to_install": [
        "bin"
      ],
      "outputs": {
        "bin": "/nix/store/mdmsnfcvxyk5ynz7nx8nhss1wig0gljx-glibc-2.40-66-bin",
        "debug": "/nix/store/4iraj8vk6y0sz49sqkx7mcv5sxyxl8i5-glibc-2.40-66-debug",
        "dev": "/nix/store/x4cz3spvw0bwwz5sjsdn2qm4f89rcryn-glibc-2.40-66-dev",
        "getent": "/nix/store/xkil4rvppkldrvzxz2jk7k1bqfda7vjz-glibc-2.40-66-getent",
        "out": "/nix/store/q4wq65gl3r8fy746v9bbwgx4gzn0r2kl-glibc-2.40-66",
        "static": "/nix/store/zvp1yv25qmgkfkjqrrbmxg91ps5jjjjz-glibc-2.40-66-static"
      },
      "system": "x86_64-linux",
      "group": "toplevel",
      "priority": 5
    }
  ]
}